
Microsoft Visual Studio Solution File, Format Version 12.00
# Visual Studio Version 16
VisualStudioVersion = 16.0.32228.343
MinimumVisualStudioVersion = 10.0.40219.1
Project("{2150E333-8FDC-42A3-9474-1A3956D46DE8}") = "Services", "Services", "{0EEDA14E-5FE1-4167-B356-3834ADEBA2D2}"
EndProject
Project("{2150E333-8FDC-42A3-9474-1A3956D46DE8}") = "Catalogue", "Catalogue", "{FA5E57C5-0AAF-49F8-BC4B-6E6E34F49C71}"
EndProject
Project("{FAE04EC0-301F-11D3-BF4B-00C04F79EFBC}") = "Catalogue.API", "Catalogue.API.csproj", "{FF16BF2C-5A4B-4AAA-89BB-0B062F792965}"
EndProject
Global
	GlobalSection(SolutionConfigurationPlatforms) = preSolution
		Debug|Any CPU = Debug|Any CPU
		Release|Any CPU = Release|Any CPU
	EndGlobalSection
	GlobalSection(ProjectConfigurationPlatforms) = postSolution
		{FF16BF2C-5A4B-4AAA-89BB-0B062F792965}.Debug|Any CPU.ActiveCfg = Debug|Any CPU
		{FF16BF2C-5A4B-4AAA-89BB-0B062F792965}.Debug|Any CPU.Build.0 = Debug|Any CPU
		{FF16BF2C-5A4B-4AAA-89BB-0B062F792965}.Release|Any CPU.ActiveCfg = Release|Any CPU
		{FF16BF2C-5A4B-4AAA-89BB-0B062F792965}.Release|Any CPU.Build.0 = Release|Any CPU
	EndGlobalSection
	GlobalSection(SolutionProperties) = preSolution
		HideSolutionNode = FALSE
	EndGlobalSection
	GlobalSection(NestedProjects) = preSolution
		{FA5E57C5-0AAF-49F8-BC4B-6E6E34F49C71} = {0EEDA14E-5FE1-4167-B356-3834ADEBA2D2}
		{FF16BF2C-5A4B-4AAA-89BB-0B062F792965} = {FA5E57C5-0AAF-49F8-BC4B-6E6E34F49C71}
	EndGlobalSection
	GlobalSection(ExtensibilityGlobals) = postSolution
		SolutionGuid = {CDD348AC-E5A5-4569-A968-A241939FF380}
	EndGlobalSection
EndGlobal
